
Microsoft Visual Studio Solution File, Format Version 12.00
# Visual Studio 15
VisualStudioVersion = 15.0.28010.2041
MinimumVisualStudioVersion = 10.0.40219.1
Project("{FAE04EC0-301F-11D3-BF4B-00C04F79EFBC}") = "azure532-lab", "azure532-lab\azure532-lab.csproj", "{32DDB9A4-AF26-4B1F-84B1-39BAB76F9D98}"
EndProject
Project("{FAE04EC0-301F-11D3-BF4B-00C04F79EFBC}") = "azure532-lab.Tests", "azure532-lab.Tests\azure532-lab.Tests.csproj", "{CE60179F-1915-42C1-AFD6-FBE07DD6D3B7}"
EndProject
Global
	GlobalSection(SolutionConfigurationPlatforms) = preSolution
		Debug|Any CPU = Debug|Any CPU
		Release|Any CPU = Release|Any CPU
	EndGlobalSection
	GlobalSection(ProjectConfigurationPlatforms) = postSolution
		{32DDB9A4-AF26-4B1F-84B1-39BAB76F9D98}.Debug|Any CPU.ActiveCfg = Debug|Any CPU
		{32DDB9A4-AF26-4B1F-84B1-39BAB76F9D98}.Debug|Any CPU.Build.0 = Debug|Any CPU
		{32DDB9A4-AF26-4B1F-84B1-39BAB76F9D98}.Release|Any CPU.ActiveCfg = Release|Any CPU
		{32DDB9A4-AF26-4B1F-84B1-39BAB76F9D98}.Release|Any CPU.Build.0 = Release|Any CPU
		{CE60179F-1915-42C1-AFD6-FBE07DD6D3B7}.Debug|Any CPU.ActiveCfg = Debug|Any CPU
		{CE60179F-1915-42C1-AFD6-FBE07DD6D3B7}.Debug|Any CPU.Build.0 = Debug|Any CPU
		{CE60179F-1915-42C1-AFD6-FBE07DD6D3B7}.Release|Any CPU.ActiveCfg = Release|Any CPU
		{CE60179F-1915-42C1-AFD6-FBE07DD6D3B7}.Release|Any CPU.Build.0 = Release|Any CPU
	EndGlobalSection
	GlobalSection(SolutionProperties) = preSolution
		HideSolutionNode = FALSE
	EndGlobalSection
	GlobalSection(ExtensibilityGlobals) = postSolution
		SolutionGuid = {8B344FAF-3907-4271-9755-8C043A70F216}
	EndGlobalSection
EndGlobal
